
Microsoft Visual Studio Solution File, Format Version 12.00
# Visual Studio Version 16
VisualStudioVersion = 16.0.30114.105
MinimumVisualStudioVersion = 10.0.40219.1
Project("{FAE04EC0-301F-11D3-BF4B-00C04F79EFBC}") = "API", "API\API.csproj", "{3A2E0C33-21FD-46C3-844E-ED2D6556AA2B}"
EndProject
Project("{FAE04EC0-301F-11D3-BF4B-00C04F79EFBC}") = "Application", "Application\Application.csproj", "{67018D60-EBC6-4D43-91CD-C2F2B4218FA6}"
EndProject
Project("{FAE04EC0-301F-11D3-BF4B-00C04F79EFBC}") = "Persistence", "Persistence\Persistence.csproj", "{1338A12C-AD1F-472E-A391-06C1047DD676}"
EndProject
Project("{FAE04EC0-301F-11D3-BF4B-00C04F79EFBC}") = "Domain", "Domain\Domain.csproj", "{78575968-3C81-4637-8FA7-128A9BAAC17F}"
EndProject
Global
	GlobalSection(SolutionConfigurationPlatforms) = preSolution
		Debug|Any CPU = Debug|Any CPU
		Release|Any CPU = Release|Any CPU
	EndGlobalSection
	GlobalSection(SolutionProperties) = preSolution
		HideSolutionNode = FALSE
	EndGlobalSection
	GlobalSection(ProjectConfigurationPlatforms) = postSolution
		{3A2E0C33-21FD-46C3-844E-ED2D6556AA2B}.Debug|Any CPU.ActiveCfg = Debug|Any CPU
		{3A2E0C33-21FD-46C3-844E-ED2D6556AA2B}.Debug|Any CPU.Build.0 = Debug|Any CPU
		{3A2E0C33-21FD-46C3-844E-ED2D6556AA2B}.Release|Any CPU.ActiveCfg = Release|Any CPU
		{3A2E0C33-21FD-46C3-844E-ED2D6556AA2B}.Release|Any CPU.Build.0 = Release|Any CPU
		{67018D60-EBC6-4D43-91CD-C2F2B4218FA6}.Debug|Any CPU.ActiveCfg = Debug|Any CPU
		{67018D60-EBC6-4D43-91CD-C2F2B4218FA6}.Debug|Any CPU.Build.0 = Debug|Any CPU
		{67018D60-EBC6-4D43-91CD-C2F2B4218FA6}.Release|Any CPU.ActiveCfg = Release|Any CPU
		{67018D60-EBC6-4D43-91CD-C2F2B4218FA6}.Release|Any CPU.Build.0 = Release|Any CPU
		{1338A12C-AD1F-472E-A391-06C1047DD676}.Debug|Any CPU.ActiveCfg = Debug|Any CPU
		{1338A12C-AD1F-472E-A391-06C1047DD676}.Debug|Any CPU.Build.0 = Debug|Any CPU
		{1338A12C-AD1F-472E-A391-06C1047DD676}.Release|Any CPU.ActiveCfg = Release|Any CPU
		{1338A12C-AD1F-472E-A391-06C1047DD676}.Release|Any CPU.Build.0 = Release|Any CPU
		{78575968-3C81-4637-8FA7-128A9BAAC17F}.Debug|Any CPU.ActiveCfg = Debug|Any CPU
		{78575968-3C81-4637-8FA7-128A9BAAC17F}.Debug|Any CPU.Build.0 = Debug|Any CPU
		{78575968-3C81-4637-8FA7-128A9BAAC17F}.Release|Any CPU.ActiveCfg = Release|Any CPU
		{78575968-3C81-4637-8FA7-128A9BAAC17F}.Release|Any CPU.Build.0 = Release|Any CPU
	EndGlobalSection
EndGlobal
